
Microsoft Visual Studio Solution File, Format Version 12.00
# Visual Studio Version 16
VisualStudioVersion = 16.0.31205.134
MinimumVisualStudioVersion = 10.0.40219.1
Project("{FAE04EC0-301F-11D3-BF4B-00C04F79EFBC}") = "Strategy", "Strategy\Strategy.csproj", "{B869CC4E-1039-4D06-B678-72EE241EEA70}"
EndProject
Global
	GlobalSection(SolutionConfigurationPlatforms) = preSolution
		Debug|Any CPU = Debug|Any CPU
		Release|Any CPU = Release|Any CPU
	EndGlobalSection
	GlobalSection(ProjectConfigurationPlatforms) = postSolution
		{B869CC4E-1039-4D06-B678-72EE241EEA70}.Debug|Any CPU.ActiveCfg = Debug|Any CPU
		{B869CC4E-1039-4D06-B678-72EE241EEA70}.Debug|Any CPU.Build.0 = Debug|Any CPU
		{B869CC4E-1039-4D06-B678-72EE241EEA70}.Release|Any CPU.ActiveCfg = Release|Any CPU
		{B869CC4E-1039-4D06-B678-72EE241EEA70}.Release|Any CPU.Build.0 = Release|Any CPU
	EndGlobalSection
	GlobalSection(SolutionProperties) = preSolution
		HideSolutionNode = FALSE
	EndGlobalSection
	GlobalSection(ExtensibilityGlobals) = postSolution
		SolutionGuid = {9B5351A6-6A29-462A-AD4A-A3DF2698B720}
	EndGlobalSection
EndGlobal
